// !$*UTF8*$!
{
	archiveVersion = 1;
	classes = {
	};
	objectVersion = 50;
	objects = {

/* Begin PBXBuildFile section */
		D7FBFBDC23B11D40002AF94A /* AppDelegate.swift in Sources */ = {isa = PBXBuildFile; fileRef = D7FBFBDB23B11D40002AF94A /* AppDelegate.swift */; };
		D7FBFBDE23B11D40002AF94A /* SceneDelegate.swift in Sources */ = {isa = PBXBuildFile; fileRef = D7FBFBDD23B11D40002AF94A /* SceneDelegate.swift */; };
		D7FBFBE523B11D42002AF94A /* Assets.xcassets in Resources */ = {isa = PBXBuildFile; fileRef = D7FBFBE423B11D42002AF94A /* Assets.xcassets */; };
		D7FBFBE823B11D42002AF94A /* LaunchScreen.storyboard in Resources */ = {isa = PBXBuildFile; fileRef = D7FBFBE623B11D42002AF94A /* LaunchScreen.storyboard */; };
		D7FBFBF123B131C5002AF94A /* VKSdkFramework.framework in Frameworks */ = {isa = PBXBuildFile; fileRef = D7FBFBF023B131C5002AF94A /* VKSdkFramework.framework */; };
		D7FBFBF223B131C5002AF94A /* VKSdkFramework.framework in Embed Frameworks */ = {isa = PBXBuildFile; fileRef = D7FBFBF023B131C5002AF94A /* VKSdkFramework.framework */; settings = {ATTRIBUTES = (CodeSignOnCopy, RemoveHeadersOnCopy, ); }; };
		D7FBFBF623B13BEE002AF94A /* AuthService.swift in Sources */ = {isa = PBXBuildFile; fileRef = D7FBFBF523B13BEE002AF94A /* AuthService.swift */; };
		D7FBFBF923B145AB002AF94A /* AuthViewController.swift in Sources */ = {isa = PBXBuildFile; fileRef = D7FBFBF823B145AB002AF94A /* AuthViewController.swift */; };
		D7FBFBFB23B145BA002AF94A /* AuthViewController.storyboard in Resources */ = {isa = PBXBuildFile; fileRef = D7FBFBFA23B145BA002AF94A /* AuthViewController.storyboard */; };
/* End PBXBuildFile section */

/* Begin PBXCopyFilesBuildPhase section */
		D7FBFBF323B131C5002AF94A /* Embed Frameworks */ = {
			isa = PBXCopyFilesBuildPhase;
			buildActionMask = 2147483647;
			dstPath = "";
			dstSubfolderSpec = 10;
			files = (
				D7FBFBF223B131C5002AF94A /* VKSdkFramework.framework in Embed Frameworks */,
			);
			name = "Embed Frameworks";
			runOnlyForDeploymentPostprocessing = 0;
		};
/* End PBXCopyFilesBuildPhase section */

/* Begin PBXFileReference section */
		D7FBFBD823B11D40002AF94A /* VKfeed.app */ = {isa = PBXFileReference; explicitFileType = wrapper.application; includeInIndex = 0; path = VKfeed.app; sourceTree = BUILT_PRODUCTS_DIR; };
		D7FBFBDB23B11D40002AF94A /* AppDelegate.swift */ = {isa = PBXFileReference; lastKnownFileType = sourcecode.swift; path = AppDelegate.swift; sourceTree = "<group>"; };
		D7FBFBDD23B11D40002AF94A /* SceneDelegate.swift */ = {isa = PBXFileReference; lastKnownFileType = sourcecode.swift; path = SceneDelegate.swift; sourceTree = "<group>"; };
		D7FBFBE423B11D42002AF94A /* Assets.xcassets */ = {isa = PBXFileReference; lastKnownFileType = folder.assetcatalog; path = Assets.xcassets; sourceTree = "<group>"; };
		D7FBFBE723B11D42002AF94A /* Base */ = {isa = PBXFileReference; lastKnownFileType = file.storyboard; name = Base; path = Base.lproj/LaunchScreen.storyboard; sourceTree = "<group>"; };
		D7FBFBE923B11D42002AF94A /* Info.plist */ = {isa = PBXFileReference; lastKnownFileType = text.plist.xml; path = Info.plist; sourceTree = "<group>"; };
		D7FBFBF023B131C5002AF94A /* VKSdkFramework.framework */ = {isa = PBXFileReference; lastKnownFileType = wrapper.framework; name = VKSdkFramework.framework; path = Carthage/Build/iOS/VKSdkFramework.framework; sourceTree = "<group>"; };
		D7FBFBF523B13BEE002AF94A /* AuthService.swift */ = {isa = PBXFileReference; lastKnownFileType = sourcecode.swift; path = AuthService.swift; sourceTree = "<group>"; };
		D7FBFBF823B145AB002AF94A /* AuthViewController.swift */ = {isa = PBXFileReference; lastKnownFileType = sourcecode.swift; path = AuthViewController.swift; sourceTree = "<group>"; };
		D7FBFBFA23B145BA002AF94A /* AuthViewController.storyboard */ = {isa = PBXFileReference; lastKnownFileType = file.storyboard; path = AuthViewController.storyboard; sourceTree = "<group>"; };
/* End PBXFileReference section */

/* Begin PBXFrameworksBuildPhase section */
		D7FBFBD523B11D40002AF94A /* Frameworks */ = {
			isa = PBXFrameworksBuildPhase;
			buildActionMask = 2147483647;
			files = (
				D7FBFBF123B131C5002AF94A /* VKSdkFramework.framework in Frameworks */,
			);
			runOnlyForDeploymentPostprocessing = 0;
		};
/* End PBXFrameworksBuildPhase section */

/* Begin PBXGroup section */
		D7AF4E3D23B25D78009E022F /* Supporting files */ = {
			isa = PBXGroup;
			children = (
				D7FBFBDB23B11D40002AF94A /* AppDelegate.swift */,
				D7FBFBDD23B11D40002AF94A /* SceneDelegate.swift */,
				D7FBFBE423B11D42002AF94A /* Assets.xcassets */,
				D7FBFBE623B11D42002AF94A /* LaunchScreen.storyboard */,
				D7FBFBE923B11D42002AF94A /* Info.plist */,
			);
			path = "Supporting files";
			sourceTree = "<group>";
		};
		D7FBFBCF23B11D3F002AF94A = {
			isa = PBXGroup;
			children = (
				D7FBFBDA23B11D40002AF94A /* VKfeed */,
				D7FBFBD923B11D40002AF94A /* Products */,
				D7FBFBEF23B131C5002AF94A /* Frameworks */,
			);
			sourceTree = "<group>";
		};
		D7FBFBD923B11D40002AF94A /* Products */ = {
			isa = PBXGroup;
			children = (
				D7FBFBD823B11D40002AF94A /* VKfeed.app */,
			);
			name = Products;
			sourceTree = "<group>";
		};
		D7FBFBDA23B11D40002AF94A /* VKfeed */ = {
			isa = PBXGroup;
			children = (
				D7AF4E3D23B25D78009E022F /* Supporting files */,
				D7FBFBF723B13BF1002AF94A /* Services */,
				D7FBFBFC23B145CC002AF94A /* Auth */,
			);
			path = VKfeed;
			sourceTree = "<group>";
		};
		D7FBFBEF23B131C5002AF94A /* Frameworks */ = {
			isa = PBXGroup;
			children = (
				D7FBFBF023B131C5002AF94A /* VKSdkFramework.framework */,
			);
			name = Frameworks;
			sourceTree = "<group>";
		};
		D7FBFBF723B13BF1002AF94A /* Services */ = {
			isa = PBXGroup;
			children = (
				D7FBFBF523B13BEE002AF94A /* AuthService.swift */,
			);
			path = Services;
			sourceTree = "<group>";
		};
		D7FBFBFC23B145CC002AF94A /* Auth */ = {
			isa = PBXGroup;
			children = (
				D7FBFBF823B145AB002AF94A /* AuthViewController.swift */,
				D7FBFBFA23B145BA002AF94A /* AuthViewController.storyboard */,
			);
			path = Auth;
			sourceTree = "<group>";
		};
/* End PBXGroup section */

/* Begin PBXNativeTarget section */
		D7FBFBD723B11D40002AF94A /* VKfeed */ = {
			isa = PBXNativeTarget;
			buildConfigurationList = D7FBFBEC23B11D42002AF94A /* Build configuration list for PBXNativeTarget "VKfeed" */;
			buildPhases = (
				D7FBFBD423B11D40002AF94A /* Sources */,
				D7FBFBD523B11D40002AF94A /* Frameworks */,
				D7FBFBD623B11D40002AF94A /* Resources */,
				D7FBFBF323B131C5002AF94A /* Embed Frameworks */,
				D7FBFBF423B131D7002AF94A /* ShellScript */,
			);
			buildRules = (
			);
			dependencies = (
			);
			name = VKfeed;
			productName = VKfeed;
			productReference = D7FBFBD823B11D40002AF94A /* VKfeed.app */;
			productType = "com.apple.product-type.application";
		};
/* End PBXNativeTarget section */

/* Begin PBXProject section */
		D7FBFBD023B11D3F002AF94A /* Project object */ = {
			isa = PBXProject;
			attributes = {
				LastSwiftUpdateCheck = 1110;
				LastUpgradeCheck = 1110;
				ORGANIZATIONNAME = wtildestar;
				TargetAttributes = {
					D7FBFBD723B11D40002AF94A = {
						CreatedOnToolsVersion = 11.1;
					};
				};
			};
			buildConfigurationList = D7FBFBD323B11D3F002AF94A /* Build configuration list for PBXProject "VKfeed" */;
			compatibilityVersion = "Xcode 9.3";
			developmentRegion = en;
			hasScannedForEncodings = 0;
			knownRegions = (
				en,
				Base,
			);
			mainGroup = D7FBFBCF23B11D3F002AF94A;
			productRefGroup = D7FBFBD923B11D40002AF94A /* Products */;
			projectDirPath = "";
			projectRoot = "";
			targets = (
				D7FBFBD723B11D40002AF94A /* VKfeed */,
			);
		};
/* End PBXProject section */

/* Begin PBXResourcesBuildPhase section */
		D7FBFBD623B11D40002AF94A /* Resources */ = {
			isa = PBXResourcesBuildPhase;
			buildActionMask = 2147483647;
			files = (
				D7FBFBE823B11D42002AF94A /* LaunchScreen.storyboard in Resources */,
				D7FBFBFB23B145BA002AF94A /* AuthViewController.storyboard in Resources */,
				D7FBFBE523B11D42002AF94A /* Assets.xcassets in Resources */,
			);
			runOnlyForDeploymentPostprocessing = 0;
		};
/* End PBXResourcesBuildPhase section */

/* Begin PBXShellScriptBuildPhase section */
		D7FBFBF423B131D7002AF94A /* ShellScript */ = {
			isa = PBXShellScriptBuildPhase;
			buildActionMask = 2147483647;
			files = (
			);
			inputFileListPaths = (
			);
			inputPaths = (
				"$(SRCROOT)/Carthage/Build/iOS/VKSdkFramework.framework",
			);
			outputFileListPaths = (
			);
			outputPaths = (
			);
			runOnlyForDeploymentPostprocessing = 0;
			shellPath = /bin/sh;
			shellScript = "/usr/local/bin/carthage copy-frameworks\n";
		};
/* End PBXShellScriptBuildPhase section */

/* Begin PBXSourcesBuildPhase section */
		D7FBFBD423B11D40002AF94A /* Sources */ = {
			isa = PBXSourcesBuildPhase;
			buildActionMask = 2147483647;
			files = (
				D7FBFBF923B145AB002AF94A /* AuthViewController.swift in Sources */,
				D7FBFBDC23B11D40002AF94A /* AppDelegate.swift in Sources */,
				D7FBFBDE23B11D40002AF94A /* SceneDelegate.swift in Sources */,
				D7FBFBF623B13BEE002AF94A /* AuthService.swift in Sources */,
			);
			runOnlyForDeploymentPostprocessing = 0;
		};
/* End PBXSourcesBuildPhase section */

/* Begin PBXVariantGroup section */
		D7FBFBE623B11D42002AF94A /* LaunchScreen.storyboard */ = {
			isa = PBXVariantGroup;
			children = (
				D7FBFBE723B11D42002AF94A /* Base */,
			);
			name = LaunchScreen.storyboard;
			sourceTree = "<group>";
		};
/* End PBXVariantGroup section */

/* Begin XCBuildConfiguration section */
		D7FBFBEA23B11D42002AF94A /* Debug */ = {
			isa = XCBuildConfiguration;
			buildSettings = {
				ALWAYS_SEARCH_USER_PATHS = NO;
				CLANG_ANALYZER_NONNULL = YES;
				CLANG_ANALYZER_NUMBER_OBJECT_CONVERSION = YES_AGGRESSIVE;
				CLANG_CXX_LANGUAGE_STANDARD = "gnu++14";
				CLANG_CXX_LIBRARY = "libc++";
				CLANG_ENABLE_MODULES = YES;
				CLANG_ENABLE_OBJC_ARC = YES;
				CLANG_ENABLE_OBJC_WEAK = YES;
				CLANG_WARN_BLOCK_CAPTURE_AUTORELEASING = YES;
				CLANG_WARN_BOOL_CONVERSION = YES;
				CLANG_WARN_COMMA = YES;
				CLANG_WARN_CONSTANT_CONVERSION = YES;
				CLANG_WARN_DEPRECATED_OBJC_IMPLEMENTATIONS = YES;
				CLANG_WARN_DIRECT_OBJC_ISA_USAGE = YES_ERROR;
				CLANG_WARN_DOCUMENTATION_COMMENTS = YES;
				CLANG_WARN_EMPTY_BODY = YES;
				CLANG_WARN_ENUM_CONVERSION = YES;
				CLANG_WARN_INFINITE_RECURSION = YES;
				CLANG_WARN_INT_CONVERSION = YES;
				CLANG_WARN_NON_LITERAL_NULL_CONVERSION = YES;
				CLANG_WARN_OBJC_IMPLICIT_RETAIN_SELF = YES;
				CLANG_WARN_OBJC_LITERAL_CONVERSION = YES;
				CLANG_WARN_OBJC_ROOT_CLASS = YES_ERROR;
				CLANG_WARN_RANGE_LOOP_ANALYSIS = YES;
				CLANG_WARN_STRICT_PROTOTYPES = YES;
				CLANG_WARN_SUSPICIOUS_MOVE = YES;
				CLANG_WARN_UNGUARDED_AVAILABILITY = YES_AGGRESSIVE;
				CLANG_WARN_UNREACHABLE_CODE = YES;
				CLANG_WARN__DUPLICATE_METHOD_MATCH = YES;
				COPY_PHASE_STRIP = NO;
				DEBUG_INFORMATION_FORMAT = dwarf;
				ENABLE_STRICT_OBJC_MSGSEND = YES;
				ENABLE_TESTABILITY = YES;
				GCC_C_LANGUAGE_STANDARD = gnu11;
				GCC_DYNAMIC_NO_PIC = NO;
				GCC_NO_COMMON_BLOCKS = YES;
				GCC_OPTIMIZATION_LEVEL = 0;
				GCC_PREPROCESSOR_DEFINITIONS = (
					"DEBUG=1",
					"$(inherited)",
				);
				GCC_WARN_64_TO_32_BIT_CONVERSION = YES;
				GCC_WARN_ABOUT_RETURN_TYPE = YES_ERROR;
				GCC_WARN_UNDECLARED_SELECTOR = YES;
				GCC_WARN_UNINITIALIZED_AUTOS = YES_AGGRESSIVE;
				GCC_WARN_UNUSED_FUNCTION = YES;
				GCC_WARN_UNUSED_VARIABLE = YES;
				IPHONEOS_DEPLOYMENT_TARGET = 13.1;
				MTL_ENABLE_DEBUG_INFO = INCLUDE_SOURCE;
				MTL_FAST_MATH = YES;
				ONLY_ACTIVE_ARCH = YES;
				SDKROOT = iphoneos;
				SWIFT_ACTIVE_COMPILATION_CONDITIONS = DEBUG;
				SWIFT_OPTIMIZATION_LEVEL = "-Onone";
			};
			name = Debug;
		};
		D7FBFBEB23B11D42002AF94A /* Release */ = {
			isa = XCBuildConfiguration;
			buildSettings = {
				ALWAYS_SEARCH_USER_PATHS = NO;
				CLANG_ANALYZER_NONNULL = YES;
				CLANG_ANALYZER_NUMBER_OBJECT_CONVERSION = YES_AGGRESSIVE;
				CLANG_CXX_LANGUAGE_STANDARD = "gnu++14";
				CLANG_CXX_LIBRARY = "libc++";
				CLANG_ENABLE_MODULES = YES;
				CLANG_ENABLE_OBJC_ARC = YES;
				CLANG_ENABLE_OBJC_WEAK = YES;
				CLANG_WARN_BLOCK_CAPTURE_AUTORELEASING = YES;
				CLANG_WARN_BOOL_CONVERSION = YES;
				CLANG_WARN_COMMA = YES;
				CLANG_WARN_CONSTANT_CONVERSION = YES;
				CLANG_WARN_DEPRECATED_OBJC_IMPLEMENTATIONS = YES;
				CLANG_WARN_DIRECT_OBJC_ISA_USAGE = YES_ERROR;
				CLANG_WARN_DOCUMENTATION_COMMENTS = YES;
				CLANG_WARN_EMPTY_BODY = YES;
				CLANG_WARN_ENUM_CONVERSION = YES;
				CLANG_WARN_INFINITE_RECURSION = YES;
				CLANG_WARN_INT_CONVERSION = YES;
				CLANG_WARN_NON_LITERAL_NULL_CONVERSION = YES;
				CLANG_WARN_OBJC_IMPLICIT_RETAIN_SELF = YES;
				CLANG_WARN_OBJC_LITERAL_CONVERSION = YES;
				CLANG_WARN_OBJC_ROOT_CLASS = YES_ERROR;
				CLANG_WARN_RANGE_LOOP_ANALYSIS = YES;
				CLANG_WARN_STRICT_PROTOTYPES = YES;
				CLANG_WARN_SUSPICIOUS_MOVE = YES;
				CLANG_WARN_UNGUARDED_AVAILABILITY = YES_AGGRESSIVE;
				CLANG_WARN_UNREACHABLE_CODE = YES;
				CLANG_WARN__DUPLICATE_METHOD_MATCH = YES;
				COPY_PHASE_STRIP = NO;
				DEBUG_INFORMATION_FORMAT = "dwarf-with-dsym";
				ENABLE_NS_ASSERTIONS = NO;
				ENABLE_STRICT_OBJC_MSGSEND = YES;
				GCC_C_LANGUAGE_STANDARD = gnu11;
				GCC_NO_COMMON_BLOCKS = YES;
				GCC_WARN_64_TO_32_BIT_CONVERSION = YES;
				GCC_WARN_ABOUT_RETURN_TYPE = YES_ERROR;
				GCC_WARN_UNDECLARED_SELECTOR = YES;
				GCC_WARN_UNINITIALIZED_AUTOS = YES_AGGRESSIVE;
				GCC_WARN_UNUSED_FUNCTION = YES;
				GCC_WARN_UNUSED_VARIABLE = YES;
				IPHONEOS_DEPLOYMENT_TARGET = 13.1;
				MTL_ENABLE_DEBUG_INFO = NO;
				MTL_FAST_MATH = YES;
				SDKROOT = iphoneos;
				SWIFT_COMPILATION_MODE = wholemodule;
				SWIFT_OPTIMIZATION_LEVEL = "-O";
				VALIDATE_PRODUCT = YES;
			};
			name = Release;
		};
		D7FBFBED23B11D42002AF94A /* Debug */ = {
			isa = XCBuildConfiguration;
			buildSettings = {
				ASSETCATALOG_COMPILER_APPICON_NAME = AppIcon;
				CODE_SIGN_STYLE = Automatic;
				DEVELOPMENT_ASSET_PATHS = "";
				FRAMEWORK_SEARCH_PATHS = (
					"$(inherited)",
					"$(PROJECT_DIR)/Carthage/Build/iOS",
				);
				INFOPLIST_FILE = "VKfeed/Supporting files/Info.plist";
				LD_RUNPATH_SEARCH_PATHS = (
					"$(inherited)",
					"@executable_path/Frameworks",
				);
				PRODUCT_BUNDLE_IDENTIFIER = com.wtildestar.VKfeed;
				PRODUCT_NAME = "$(TARGET_NAME)";
				SWIFT_VERSION = 5.0;
				TARGETED_DEVICE_FAMILY = "1,2";
			};
			name = Debug;
		};
		D7FBFBEE23B11D42002AF94A /* Release */ = {
			isa = XCBuildConfiguration;
			buildSettings = {
				ASSETCATALOG_COMPILER_APPICON_NAME = AppIcon;
				CODE_SIGN_STYLE = Automatic;
				DEVELOPMENT_ASSET_PATHS = "";
				FRAMEWORK_SEARCH_PATHS = (
					"$(inherited)",
					"$(PROJECT_DIR)/Carthage/Build/iOS",
				);
				INFOPLIST_FILE = "VKfeed/Supporting files/Info.plist";
				LD_RUNPATH_SEARCH_PATHS = (
					"$(inherited)",
					"@executable_path/Frameworks",
				);
				PRODUCT_BUNDLE_IDENTIFIER = com.wtildestar.VKfeed;
				PRODUCT_NAME = "$(TARGET_NAME)";
				SWIFT_VERSION = 5.0;
				TARGETED_DEVICE_FAMILY = "1,2";
			};
			name = Release;
		};
/* End XCBuildConfiguration section */

/* Begin XCConfigurationList section */
		D7FBFBD323B11D3F002AF94A /* Build configuration list for PBXProject "VKfeed" */ = {
			isa = XCConfigurationList;
			buildConfigurations = (
				D7FBFBEA23B11D42002AF94A /* Debug */,
				D7FBFBEB23B11D42002AF94A /* Release */,
			);
			defaultConfigurationIsVisible = 0;
			defaultConfigurationName = Release;
		};
		D7FBFBEC23B11D42002AF94A /* Build configuration list for PBXNativeTarget "VKfeed" */ = {
			isa = XCConfigurationList;
			buildConfigurations = (
				D7FBFBED23B11D42002AF94A /* Debug */,
				D7FBFBEE23B11D42002AF94A /* Release */,
			);
			defaultConfigurationIsVisible = 0;
			defaultConfigurationName = Release;
		};
/* End XCConfigurationList section */
	};
	rootObject = D7FBFBD023B11D3F002AF94A /* Project object */;
}
